
Microsoft Visual Studio Solution File, Format Version 12.00
# Visual Studio Version 16
VisualStudioVersion = 16.0.28902.138
MinimumVisualStudioVersion = 10.0.40219.1
Project("{FAE04EC0-301F-11D3-BF4B-00C04F79EFBC}") = "Final_estructura_dos", "Final_estructura_dos\Final_estructura_dos.csproj", "{C0AEF0DD-3FB3-46DA-8921-8695D3FEFAAB}"
EndProject
Global
	GlobalSection(SolutionConfigurationPlatforms) = preSolution
		Debug|Any CPU = Debug|Any CPU
		Release|Any CPU = Release|Any CPU
	EndGlobalSection
	GlobalSection(ProjectConfigurationPlatforms) = postSolution
		{C0AEF0DD-3FB3-46DA-8921-8695D3FEFAAB}.Debug|Any CPU.ActiveCfg = Debug|Any CPU
		{C0AEF0DD-3FB3-46DA-8921-8695D3FEFAAB}.Debug|Any CPU.Build.0 = Debug|Any CPU
		{C0AEF0DD-3FB3-46DA-8921-8695D3FEFAAB}.Release|Any CPU.ActiveCfg = Release|Any CPU
		{C0AEF0DD-3FB3-46DA-8921-8695D3FEFAAB}.Release|Any CPU.Build.0 = Release|Any CPU
	EndGlobalSection
	GlobalSection(SolutionProperties) = preSolution
		HideSolutionNode = FALSE
	EndGlobalSection
	GlobalSection(ExtensibilityGlobals) = postSolution
		SolutionGuid = {FD6B49C4-0163-486F-B69D-6D8D8C1FB8F6}
	EndGlobalSection
EndGlobal
